
Microsoft Visual Studio Solution File, Format Version 12.00
# Visual Studio Version 16
VisualStudioVersion = 16.0.30914.41
MinimumVisualStudioVersion = 10.0.40219.1
Project("{9A19103F-16F7-4668-BE54-9A1E7A4F7556}") = "ERP.Application", "Application\ERP.Application\ERP.Application.csproj", "{14984F8D-11B8-4BFB-AF66-342986974230}"
EndProject
Project("{2150E333-8FDC-42A3-9474-1A3956D46DE8}") = "Application", "Application", "{CF0B484E-4112-4801-8F34-FEC8CAA1293D}"
EndProject
Project("{2150E333-8FDC-42A3-9474-1A3956D46DE8}") = "Core", "Core", "{2E864E4A-2824-4198-B3F4-9DCAD7451DBE}"
EndProject
Project("{2150E333-8FDC-42A3-9474-1A3956D46DE8}") = "Domain", "Domain", "{8FB01E27-60DA-49DD-AC0E-1D57BF41B0E4}"
EndProject
Project("{2150E333-8FDC-42A3-9474-1A3956D46DE8}") = "Infrastructure", "Infrastructure", "{E702FA5C-84A2-4304-B8D3-4A5853870AD6}"
EndProject
Project("{2150E333-8FDC-42A3-9474-1A3956D46DE8}") = "CrossCutting", "CrossCutting", "{299FDB57-C034-4924-9AB4-EFFB7B402B67}"
EndProject
Project("{2150E333-8FDC-42A3-9474-1A3956D46DE8}") = "Data", "Data", "{0E881C1B-4912-4548-9FDA-497E6C304982}"
EndProject
Project("{2150E333-8FDC-42A3-9474-1A3956D46DE8}") = "Presentation", "Presentation", "{351A6789-C45C-47C7-99C2-5D8D206C0F2E}"
EndProject
Project("{9A19103F-16F7-4668-BE54-9A1E7A4F7556}") = "ERP.Core", "Core\ERP.Core\ERP.Core.csproj", "{99DE74C6-FA32-4F40-81CA-128646525770}"
EndProject
Project("{9A19103F-16F7-4668-BE54-9A1E7A4F7556}") = "ERP.Domain", "Domain\ERP.Domain\ERP.Domain.csproj", "{C4EFE7AC-9ECD-455D-B998-D8C4978B4863}"
EndProject
Project("{9A19103F-16F7-4668-BE54-9A1E7A4F7556}") = "ERP.Domain.Core", "Domain\ERP.Domain.Core\ERP.Domain.Core.csproj", "{3CAB30DD-FD1D-4194-9D5E-FA22236CBA68}"
EndProject
Project("{9A19103F-16F7-4668-BE54-9A1E7A4F7556}") = "ERP.Bus", "Infrastructure\CrossCutting\ERP.Bus\ERP.Bus.csproj", "{FDF35DD2-6000-4AA2-ACD9-6E2CA8883683}"
EndProject
Project("{9A19103F-16F7-4668-BE54-9A1E7A4F7556}") = "ERP.Identity", "Infrastructure\CrossCutting\ERP.Identity\ERP.Identity.csproj", "{43D05C41-F33B-4138-8FA1-449C64C4CCD1}"
EndProject
Project("{9A19103F-16F7-4668-BE54-9A1E7A4F7556}") = "ERP.IoC", "Infrastructure\CrossCutting\ERP.IoC\ERP.IoC.csproj", "{C8C7B014-5520-4587-AE42-E158F2E04AEF}"
EndProject
Project("{9A19103F-16F7-4668-BE54-9A1E7A4F7556}") = "ERP.Data", "Infrastructure\Data\ERP.Data\ERP.Data.csproj", "{0DF233E1-1D2A-4B1C-9196-6205D58FD14D}"
EndProject
Project("{9A19103F-16F7-4668-BE54-9A1E7A4F7556}") = "ERP.WebApi", "Presentation\ERP.WebApi\ERP.WebApi.csproj", "{4A7F1E18-A461-4EAE-9622-5A32CF229B4D}"
EndProject
Project("{9A19103F-16F7-4668-BE54-9A1E7A4F7556}") = "ERP.Domain.RuleEngine", "Domain\ERP.Domain.RuleEngine\ERP.Domain.RuleEngine.csproj", "{F7C6F8A7-171A-4EB7-9169-FC2C4831B18C}"
EndProject
Project("{9A19103F-16F7-4668-BE54-9A1E7A4F7556}") = "ERP.Domain.ServiceClient", "Domain\ERP.Domain.ServiceClient\ERP.Domain.ServiceClient.csproj", "{34E512D1-53AA-4513-A2CC-BDE7862DD5EE}"
EndProject
Global
	GlobalSection(SolutionConfigurationPlatforms) = preSolution
		Debug|Any CPU = Debug|Any CPU
		Release|Any CPU = Release|Any CPU
	EndGlobalSection
	GlobalSection(ProjectConfigurationPlatforms) = postSolution
		{14984F8D-11B8-4BFB-AF66-342986974230}.Debug|Any CPU.ActiveCfg = Debug|Any CPU
		{14984F8D-11B8-4BFB-AF66-342986974230}.Debug|Any CPU.Build.0 = Debug|Any CPU
		{14984F8D-11B8-4BFB-AF66-342986974230}.Release|Any CPU.ActiveCfg = Release|Any CPU
		{14984F8D-11B8-4BFB-AF66-342986974230}.Release|Any CPU.Build.0 = Release|Any CPU
		{99DE74C6-FA32-4F40-81CA-128646525770}.Debug|Any CPU.ActiveCfg = Debug|Any CPU
		{99DE74C6-FA32-4F40-81CA-128646525770}.Debug|Any CPU.Build.0 = Debug|Any CPU
		{99DE74C6-FA32-4F40-81CA-128646525770}.Release|Any CPU.ActiveCfg = Release|Any CPU
		{99DE74C6-FA32-4F40-81CA-128646525770}.Release|Any CPU.Build.0 = Release|Any CPU
		{C4EFE7AC-9ECD-455D-B998-D8C4978B4863}.Debug|Any CPU.ActiveCfg = Debug|Any CPU
		{C4EFE7AC-9ECD-455D-B998-D8C4978B4863}.Debug|Any CPU.Build.0 = Debug|Any CPU
		{C4EFE7AC-9ECD-455D-B998-D8C4978B4863}.Release|Any CPU.ActiveCfg = Release|Any CPU
		{C4EFE7AC-9ECD-455D-B998-D8C4978B4863}.Release|Any CPU.Build.0 = Release|Any CPU
		{3CAB30DD-FD1D-4194-9D5E-FA22236CBA68}.Debug|Any CPU.ActiveCfg = Debug|Any CPU
		{3CAB30DD-FD1D-4194-9D5E-FA22236CBA68}.Debug|Any CPU.Build.0 = Debug|Any CPU
		{3CAB30DD-FD1D-4194-9D5E-FA22236CBA68}.Release|Any CPU.ActiveCfg = Release|Any CPU
		{3CAB30DD-FD1D-4194-9D5E-FA22236CBA68}.Release|Any CPU.Build.0 = Release|Any CPU
		{FDF35DD2-6000-4AA2-ACD9-6E2CA8883683}.Debug|Any CPU.ActiveCfg = Debug|Any CPU
		{FDF35DD2-6000-4AA2-ACD9-6E2CA8883683}.Debug|Any CPU.Build.0 = Debug|Any CPU
		{FDF35DD2-6000-4AA2-ACD9-6E2CA8883683}.Release|Any CPU.ActiveCfg = Release|Any CPU
		{FDF35DD2-6000-4AA2-ACD9-6E2CA8883683}.Release|Any CPU.Build.0 = Release|Any CPU
		{43D05C41-F33B-4138-8FA1-449C64C4CCD1}.Debug|Any CPU.ActiveCfg = Debug|Any CPU
		{43D05C41-F33B-4138-8FA1-449C64C4CCD1}.Debug|Any CPU.Build.0 = Debug|Any CPU
		{43D05C41-F33B-4138-8FA1-449C64C4CCD1}.Release|Any CPU.ActiveCfg = Release|Any CPU
		{43D05C41-F33B-4138-8FA1-449C64C4CCD1}.Release|Any CPU.Build.0 = Release|Any CPU
		{C8C7B014-5520-4587-AE42-E158F2E04AEF}.Debug|Any CPU.ActiveCfg = Debug|Any CPU
		{C8C7B014-5520-4587-AE42-E158F2E04AEF}.Debug|Any CPU.Build.0 = Debug|Any CPU
		{C8C7B014-5520-4587-AE42-E158F2E04AEF}.Release|Any CPU.ActiveCfg = Release|Any CPU
		{C8C7B014-5520-4587-AE42-E158F2E04AEF}.Release|Any CPU.Build.0 = Release|Any CPU
		{0DF233E1-1D2A-4B1C-9196-6205D58FD14D}.Debug|Any CPU.ActiveCfg = Debug|Any CPU
		{0DF233E1-1D2A-4B1C-9196-6205D58FD14D}.Debug|Any CPU.Build.0 = Debug|Any CPU
		{0DF233E1-1D2A-4B1C-9196-6205D58FD14D}.Release|Any CPU.ActiveCfg = Release|Any CPU
		{0DF233E1-1D2A-4B1C-9196-6205D58FD14D}.Release|Any CPU.Build.0 = Release|Any CPU
		{4A7F1E18-A461-4EAE-9622-5A32CF229B4D}.Debug|Any CPU.ActiveCfg = Debug|Any CPU
		{4A7F1E18-A461-4EAE-9622-5A32CF229B4D}.Debug|Any CPU.Build.0 = Debug|Any CPU
		{4A7F1E18-A461-4EAE-9622-5A32CF229B4D}.Release|Any CPU.ActiveCfg = Release|Any CPU
		{4A7F1E18-A461-4EAE-9622-5A32CF229B4D}.Release|Any CPU.Build.0 = Release|Any CPU
		{F7C6F8A7-171A-4EB7-9169-FC2C4831B18C}.Debug|Any CPU.ActiveCfg = Debug|Any CPU
		{F7C6F8A7-171A-4EB7-9169-FC2C4831B18C}.Debug|Any CPU.Build.0 = Debug|Any CPU
		{F7C6F8A7-171A-4EB7-9169-FC2C4831B18C}.Release|Any CPU.ActiveCfg = Release|Any CPU
		{F7C6F8A7-171A-4EB7-9169-FC2C4831B18C}.Release|Any CPU.Build.0 = Release|Any CPU
		{34E512D1-53AA-4513-A2CC-BDE7862DD5EE}.Debug|Any CPU.ActiveCfg = Debug|Any CPU
		{34E512D1-53AA-4513-A2CC-BDE7862DD5EE}.Debug|Any CPU.Build.0 = Debug|Any CPU
		{34E512D1-53AA-4513-A2CC-BDE7862DD5EE}.Release|Any CPU.ActiveCfg = Release|Any CPU
		{34E512D1-53AA-4513-A2CC-BDE7862DD5EE}.Release|Any CPU.Build.0 = Release|Any CPU
	EndGlobalSection
	GlobalSection(SolutionProperties) = preSolution
		HideSolutionNode = FALSE
	EndGlobalSection
	GlobalSection(NestedProjects) = preSolution
		{14984F8D-11B8-4BFB-AF66-342986974230} = {CF0B484E-4112-4801-8F34-FEC8CAA1293D}
		{299FDB57-C034-4924-9AB4-EFFB7B402B67} = {E702FA5C-84A2-4304-B8D3-4A5853870AD6}
		{0E881C1B-4912-4548-9FDA-497E6C304982} = {E702FA5C-84A2-4304-B8D3-4A5853870AD6}
		{99DE74C6-FA32-4F40-81CA-128646525770} = {2E864E4A-2824-4198-B3F4-9DCAD7451DBE}
		{C4EFE7AC-9ECD-455D-B998-D8C4978B4863} = {8FB01E27-60DA-49DD-AC0E-1D57BF41B0E4}
		{3CAB30DD-FD1D-4194-9D5E-FA22236CBA68} = {8FB01E27-60DA-49DD-AC0E-1D57BF41B0E4}
		{FDF35DD2-6000-4AA2-ACD9-6E2CA8883683} = {299FDB57-C034-4924-9AB4-EFFB7B402B67}
		{43D05C41-F33B-4138-8FA1-449C64C4CCD1} = {299FDB57-C034-4924-9AB4-EFFB7B402B67}
		{C8C7B014-5520-4587-AE42-E158F2E04AEF} = {299FDB57-C034-4924-9AB4-EFFB7B402B67}
		{0DF233E1-1D2A-4B1C-9196-6205D58FD14D} = {0E881C1B-4912-4548-9FDA-497E6C304982}
		{4A7F1E18-A461-4EAE-9622-5A32CF229B4D} = {351A6789-C45C-47C7-99C2-5D8D206C0F2E}
		{F7C6F8A7-171A-4EB7-9169-FC2C4831B18C} = {8FB01E27-60DA-49DD-AC0E-1D57BF41B0E4}
		{34E512D1-53AA-4513-A2CC-BDE7862DD5EE} = {8FB01E27-60DA-49DD-AC0E-1D57BF41B0E4}
	EndGlobalSection
	GlobalSection(ExtensibilityGlobals) = postSolution
		SolutionGuid = {032A3B4E-BB64-46F1-AE5A-77261C6075BE}
	EndGlobalSection
EndGlobal
